{
  "name": "objectify",
  "version": "1.0.0",
  "lockfileVersion": 1,
  "requires": true,
  "dependencies": {
    "@ibnlanre/typeof": {
      "version": "0.0.2",
      "resolved": "https://registry.npmjs.org/@ibnlanre/typeof/-/typeof-0.0.2.tgz",
      "integrity": "sha512-2eT31W2BuwGxX/52MOnioNhmQZTVOa8q/W1quzV9Fv1euA4RNYTtHj1q1eJnKvcDFEjnyyZqxy5yONKIksBYsQ=="
    },
    "typescript": {
      "version": "4.2.4",
      "resolved": "https://registry.npmjs.org/typescript/-/typescript-4.2.4.tgz",
      "integrity": "sha512-V+evlYHZnQkaz8TRBuxTA92yZBPotr5H+WhQ7bD3hZUndx5tGOa1fuCgeSjxAzM1RiN5IzvadIXTVefuuwZCRg=="
    }
  }
}
